
Microsoft Visual Studio Solution File, Format Version 12.00
# Visual Studio Version 17
VisualStudioVersion = 17.11.35222.181
MinimumVisualStudioVersion = 10.0.40219.1
Project("{FAE04EC0-301F-11D3-BF4B-00C04F79EFBC}") = "GitHubTry_fork_pullrequest", "GitHubTry_fork_pullrequest\GitHubTry_fork_pullrequest.csproj", "{7AD39CDC-2B18-48D4-99CA-B6C944324B2C}"
EndProject
Global
	GlobalSection(SolutionConfigurationPlatforms) = preSolution
		Debug|Any CPU = Debug|Any CPU
		Release|Any CPU = Release|Any CPU
	EndGlobalSection
	GlobalSection(ProjectConfigurationPlatforms) = postSolution
		{7AD39CDC-2B18-48D4-99CA-B6C944324B2C}.Debug|Any CPU.ActiveCfg = Debug|Any CPU
		{7AD39CDC-2B18-48D4-99CA-B6C944324B2C}.Debug|Any CPU.Build.0 = Debug|Any CPU
		{7AD39CDC-2B18-48D4-99CA-B6C944324B2C}.Release|Any CPU.ActiveCfg = Release|Any CPU
		{7AD39CDC-2B18-48D4-99CA-B6C944324B2C}.Release|Any CPU.Build.0 = Release|Any CPU
	EndGlobalSection
	GlobalSection(SolutionProperties) = preSolution
		HideSolutionNode = FALSE
	EndGlobalSection
	GlobalSection(ExtensibilityGlobals) = postSolution
		SolutionGuid = {E694A78D-4546-494F-8056-D58F070CCFCE}
	EndGlobalSection
EndGlobal
